
Microsoft Visual Studio Solution File, Format Version 12.00
# Visual Studio Version 17
VisualStudioVersion = 17.8.34322.80
MinimumVisualStudioVersion = 10.0.40219.1
Project("{FAE04EC0-301F-11D3-BF4B-00C04F79EFBC}") = "ConsoleApp2Lezione", "ConsoleApp2Lezione\ConsoleApp2Lezione.csproj", "{A49E0C45-E18B-44C8-8C2F-27CC5012F83F}"
EndProject
Global
	GlobalSection(SolutionConfigurationPlatforms) = preSolution
		Debug|Any CPU = Debug|Any CPU
		Release|Any CPU = Release|Any CPU
	EndGlobalSection
	GlobalSection(ProjectConfigurationPlatforms) = postSolution
		{A49E0C45-E18B-44C8-8C2F-27CC5012F83F}.Debug|Any CPU.ActiveCfg = Debug|Any CPU
		{A49E0C45-E18B-44C8-8C2F-27CC5012F83F}.Debug|Any CPU.Build.0 = Debug|Any CPU
		{A49E0C45-E18B-44C8-8C2F-27CC5012F83F}.Release|Any CPU.ActiveCfg = Release|Any CPU
		{A49E0C45-E18B-44C8-8C2F-27CC5012F83F}.Release|Any CPU.Build.0 = Release|Any CPU
	EndGlobalSection
	GlobalSection(SolutionProperties) = preSolution
		HideSolutionNode = FALSE
	EndGlobalSection
	GlobalSection(ExtensibilityGlobals) = postSolution
		SolutionGuid = {2167EED4-E6C7-460E-B6A4-9B93DFB3529E}
	EndGlobalSection
EndGlobal
